{
  "lockfileVersion": 1,
  "configVersion": 1,
  "workspaces": {
    "": {
      "name": "@binhtran432k/dotfiles",
      "devDependencies": {
        "@jsquash/oxipng": "^2.3.0",
        "@resvg/resvg-wasm": "^2.6.2",
        "@types/node": "^24.0.10",
      },
    },
  },
  "packages": {
    "@jsquash/oxipng": ["@jsquash/oxipng@2.3.0", "", { "dependencies": { "wasm-feature-detect": "1.8.0" } }, "sha512-aQ8wiEp6ztlTMXc+RMt/CG8crU3mEHDU+h+JYkIi6ctMhlh8+Ltj5XwQFfBuyzKYrp8NxaFW80Dp824bqjr+zA=="],

    "@resvg/resvg-wasm": ["@resvg/resvg-wasm@2.6.2", "", {}, "sha512-FqALmHI8D4o6lk/LRWDnhw95z5eO+eAa6ORjVg09YRR7BkcM6oPHU9uyC0gtQG5vpFLvgpeU4+zEAz2H8APHNw=="],

    "@types/node": ["@types/node@24.0.10", "", { "dependencies": { "undici-types": "7.8.0" } }, "sha512-ENHwaH+JIRTDIEEbDK6QSQntAYGtbvdDXnMXnZaZ6k13Du1dPMmprkEHIL7ok2Wl2aZevetwTAb5S+7yIF+enA=="],

    "undici-types": ["undici-types@7.8.0", "", {}, "sha512-9UJ2xGDvQ43tYyVMpuHlsgApydB8ZKfVYTsLDhXkFL/6gfkp+U8xTGdh8pMJv1SpZna0zxG1DwsKZsreLbXBxw=="],

    "wasm-feature-detect": ["wasm-feature-detect@1.8.0", "", {}, "sha512-zksaLKM2fVlnB5jQQDqKXXwYHLQUVH9es+5TOOHwGOVJOCeRBCiPjwSg+3tN2AdTCzjgli4jijCH290kXb/zWQ=="],
  }
}
